
Microsoft Visual Studio Solution File, Format Version 12.00
# Visual Studio Version 17
VisualStudioVersion = 17.14.36212.18 d17.14
MinimumVisualStudioVersion = 10.0.40219.1
Project("{FAE04EC0-301F-11D3-BF4B-00C04F79EFBC}") = "HelloWorld", "HelloWorld\HelloWorld.csproj", "{720E30CD-B61F-4DA4-BA72-EC2FCE6C0EA9}"
EndProject
Global
	GlobalSection(SolutionConfigurationPlatforms) = preSolution
		Debug|Any CPU = Debug|Any CPU
		Release|Any CPU = Release|Any CPU
	EndGlobalSection
	GlobalSection(ProjectConfigurationPlatforms) = postSolution
		{720E30CD-B61F-4DA4-BA72-EC2FCE6C0EA9}.Debug|Any CPU.ActiveCfg = Debug|Any CPU
		{720E30CD-B61F-4DA4-BA72-EC2FCE6C0EA9}.Debug|Any CPU.Build.0 = Debug|Any CPU
		{720E30CD-B61F-4DA4-BA72-EC2FCE6C0EA9}.Release|Any CPU.ActiveCfg = Release|Any CPU
		{720E30CD-B61F-4DA4-BA72-EC2FCE6C0EA9}.Release|Any CPU.Build.0 = Release|Any CPU
	EndGlobalSection
	GlobalSection(SolutionProperties) = preSolution
		HideSolutionNode = FALSE
	EndGlobalSection
	GlobalSection(ExtensibilityGlobals) = postSolution
		SolutionGuid = {CA60C952-39BF-4D1A-B40B-B829FC95F016}
	EndGlobalSection
EndGlobal
